
Microsoft Visual Studio Solution File, Format Version 12.00
# Visual Studio Version 17
VisualStudioVersion = 17.5.002.0
MinimumVisualStudioVersion = 10.0.40219.1
Project("{9A19103F-16F7-4668-BE54-9A1E7A4F7556}") = "Biblioteca", "Biblioteca.csproj", "{BB6BB1B5-CE62-4982-BDA0-B9FE73EA1206}"
EndProject
Global
	GlobalSection(SolutionConfigurationPlatforms) = preSolution
		Debug|Any CPU = Debug|Any CPU
		Release|Any CPU = Release|Any CPU
	EndGlobalSection
	GlobalSection(ProjectConfigurationPlatforms) = postSolution
		{BB6BB1B5-CE62-4982-BDA0-B9FE73EA1206}.Debug|Any CPU.ActiveCfg = Debug|Any CPU
		{BB6BB1B5-CE62-4982-BDA0-B9FE73EA1206}.Debug|Any CPU.Build.0 = Debug|Any CPU
		{BB6BB1B5-CE62-4982-BDA0-B9FE73EA1206}.Release|Any CPU.ActiveCfg = Release|Any CPU
		{BB6BB1B5-CE62-4982-BDA0-B9FE73EA1206}.Release|Any CPU.Build.0 = Release|Any CPU
	EndGlobalSection
	GlobalSection(SolutionProperties) = preSolution
		HideSolutionNode = FALSE
	EndGlobalSection
	GlobalSection(ExtensibilityGlobals) = postSolution
<<<<<<< HEAD
		SolutionGuid = {215721F0-D490-4AAF-8837-D2789C914CF6}
=======
		SolutionGuid = {D0FB139E-552F-4197-BEEC-386FD3A020DA}
>>>>>>> 8d8b2958f5055bc719898702b106f4ce194629c5
	EndGlobalSection
EndGlobal
